// !$*UTF8*$!
{
	archiveVersion = 1;
	classes = {
	};
	objectVersion = 50;
	objects = {

/* Begin PBXBuildFile section */
		2B942B0B2519F97C0008952A /* AppDelegate.swift in Sources */ = {isa = PBXBuildFile; fileRef = 2B942B0A2519F97C0008952A /* AppDelegate.swift */; };
		2B942B0D2519F97C0008952A /* SceneDelegate.swift in Sources */ = {isa = PBXBuildFile; fileRef = 2B942B0C2519F97C0008952A /* SceneDelegate.swift */; };
		2B942B0F2519F97C0008952A /* ContentView.swift in Sources */ = {isa = PBXBuildFile; fileRef = 2B942B0E2519F97C0008952A /* ContentView.swift */; };
		2B942B112519F9880008952A /* Assets.xcassets in Resources */ = {isa = PBXBuildFile; fileRef = 2B942B102519F9880008952A /* Assets.xcassets */; };
		2B942B142519F9880008952A /* Preview Assets.xcassets in Resources */ = {isa = PBXBuildFile; fileRef = 2B942B132519F9880008952A /* Preview Assets.xcassets */; };
		2B942B172519F9880008952A /* LaunchScreen.storyboard in Resources */ = {isa = PBXBuildFile; fileRef = 2B942B152519F9880008952A /* LaunchScreen.storyboard */; };
		2B942B202519FB330008952A /* TopView.swift in Sources */ = {isa = PBXBuildFile; fileRef = 2B942B1F2519FB330008952A /* TopView.swift */; };
		2B942B222519FB410008952A /* MenuView.swift in Sources */ = {isa = PBXBuildFile; fileRef = 2B942B212519FB410008952A /* MenuView.swift */; };
		2B942B242519FB4B0008952A /* MyPageView.swift in Sources */ = {isa = PBXBuildFile; fileRef = 2B942B232519FB4B0008952A /* MyPageView.swift */; };
		2B942B262519FB670008952A /* CouponView.swift in Sources */ = {isa = PBXBuildFile; fileRef = 2B942B252519FB670008952A /* CouponView.swift */; };
		2B942B282519FB860008952A /* MemberIdView.swift in Sources */ = {isa = PBXBuildFile; fileRef = 2B942B272519FB860008952A /* MemberIdView.swift */; };
		2B942B2A2524CC040008952A /* NotificationView.swift in Sources */ = {isa = PBXBuildFile; fileRef = 2B942B292524CC040008952A /* NotificationView.swift */; };
		2B942B2C2524CC220008952A /* ShopSearchView.swift in Sources */ = {isa = PBXBuildFile; fileRef = 2B942B2B2524CC220008952A /* ShopSearchView.swift */; };
		2B942B2E252614A80008952A /* CouponTicketView.swift in Sources */ = {isa = PBXBuildFile; fileRef = 2B942B2D252614A80008952A /* CouponTicketView.swift */; };
		2B942B33253C3E230008952A /* coupon.json in Resources */ = {isa = PBXBuildFile; fileRef = 2B942B32253C3E230008952A /* coupon.json */; };
/* End PBXBuildFile section */

/* Begin PBXFileReference section */
		2B942B072519F97C0008952A /* PracticeKFC.app */ = {isa = PBXFileReference; explicitFileType = wrapper.application; includeInIndex = 0; path = PracticeKFC.app; sourceTree = BUILT_PRODUCTS_DIR; };
		2B942B0A2519F97C0008952A /* AppDelegate.swift */ = {isa = PBXFileReference; lastKnownFileType = sourcecode.swift; path = AppDelegate.swift; sourceTree = "<group>"; };
		2B942B0C2519F97C0008952A /* SceneDelegate.swift */ = {isa = PBXFileReference; lastKnownFileType = sourcecode.swift; path = SceneDelegate.swift; sourceTree = "<group>"; };
		2B942B0E2519F97C0008952A /* ContentView.swift */ = {isa = PBXFileReference; lastKnownFileType = sourcecode.swift; path = ContentView.swift; sourceTree = "<group>"; };
		2B942B102519F9880008952A /* Assets.xcassets */ = {isa = PBXFileReference; lastKnownFileType = folder.assetcatalog; path = Assets.xcassets; sourceTree = "<group>"; };
		2B942B132519F9880008952A /* Preview Assets.xcassets */ = {isa = PBXFileReference; lastKnownFileType = folder.assetcatalog; path = "Preview Assets.xcassets"; sourceTree = "<group>"; };
		2B942B162519F9880008952A /* Base */ = {isa = PBXFileReference; lastKnownFileType = file.storyboard; name = Base; path = Base.lproj/LaunchScreen.storyboard; sourceTree = "<group>"; };
		2B942B182519F9880008952A /* Info.plist */ = {isa = PBXFileReference; lastKnownFileType = text.plist.xml; path = Info.plist; sourceTree = "<group>"; };
		2B942B1F2519FB330008952A /* TopView.swift */ = {isa = PBXFileReference; lastKnownFileType = sourcecode.swift; path = TopView.swift; sourceTree = "<group>"; };
		2B942B212519FB410008952A /* MenuView.swift */ = {isa = PBXFileReference; lastKnownFileType = sourcecode.swift; path = MenuView.swift; sourceTree = "<group>"; };
		2B942B232519FB4B0008952A /* MyPageView.swift */ = {isa = PBXFileReference; lastKnownFileType = sourcecode.swift; path = MyPageView.swift; sourceTree = "<group>"; };
		2B942B252519FB670008952A /* CouponView.swift */ = {isa = PBXFileReference; lastKnownFileType = sourcecode.swift; path = CouponView.swift; sourceTree = "<group>"; };
		2B942B272519FB860008952A /* MemberIdView.swift */ = {isa = PBXFileReference; lastKnownFileType = sourcecode.swift; path = MemberIdView.swift; sourceTree = "<group>"; };
		2B942B292524CC040008952A /* NotificationView.swift */ = {isa = PBXFileReference; lastKnownFileType = sourcecode.swift; name = NotificationView.swift; path = "../../../../個人用/PracticeKFC/PracticeKFC/Views/NotificationView.swift"; sourceTree = "<group>"; };
		2B942B2B2524CC220008952A /* ShopSearchView.swift */ = {isa = PBXFileReference; lastKnownFileType = sourcecode.swift; name = ShopSearchView.swift; path = "../../../../個人用/PracticeKFC/PracticeKFC/Views/ShopSearchView.swift"; sourceTree = "<group>"; };
		2B942B2D252614A80008952A /* CouponTicketView.swift */ = {isa = PBXFileReference; lastKnownFileType = sourcecode.swift; name = CouponTicketView.swift; path = "../../../../個人用/PracticeKFC/PracticeKFC/Views/CouponTicketView.swift"; sourceTree = "<group>"; };
		2B942B32253C3E230008952A /* coupon.json */ = {isa = PBXFileReference; fileEncoding = 4; lastKnownFileType = text.json; path = coupon.json; sourceTree = "<group>"; };
/* End PBXFileReference section */

/* Begin PBXFrameworksBuildPhase section */
		2B942B042519F97C0008952A /* Frameworks */ = {
			isa = PBXFrameworksBuildPhase;
			buildActionMask = 2147483647;
			files = (
			);
			runOnlyForDeploymentPostprocessing = 0;
		};
/* End PBXFrameworksBuildPhase section */

/* Begin PBXGroup section */
		2B942AFE2519F97C0008952A = {
			isa = PBXGroup;
			children = (
				2B942B092519F97C0008952A /* PracticeKFC */,
				2B942B082519F97C0008952A /* Products */,
			);
			sourceTree = "<group>";
		};
		2B942B082519F97C0008952A /* Products */ = {
			isa = PBXGroup;
			children = (
				2B942B072519F97C0008952A /* PracticeKFC.app */,
			);
			name = Products;
			sourceTree = "<group>";
		};
		2B942B092519F97C0008952A /* PracticeKFC */ = {
			isa = PBXGroup;
			children = (
				2B942B2F253C32740008952A /* jsons */,
				2B942B0A2519F97C0008952A /* AppDelegate.swift */,
				2B942B0C2519F97C0008952A /* SceneDelegate.swift */,
				2B942B0E2519F97C0008952A /* ContentView.swift */,
				2B942B1E2519FB280008952A /* Views */,
				2B942B102519F9880008952A /* Assets.xcassets */,
				2B942B152519F9880008952A /* LaunchScreen.storyboard */,
				2B942B182519F9880008952A /* Info.plist */,
				2B942B122519F9880008952A /* Preview Content */,
			);
			path = PracticeKFC;
			sourceTree = "<group>";
		};
		2B942B122519F9880008952A /* Preview Content */ = {
			isa = PBXGroup;
			children = (
				2B942B132519F9880008952A /* Preview Assets.xcassets */,
			);
			path = "Preview Content";
			sourceTree = "<group>";
		};
		2B942B1E2519FB280008952A /* Views */ = {
			isa = PBXGroup;
			children = (
				2B942B1F2519FB330008952A /* TopView.swift */,
				2B942B212519FB410008952A /* MenuView.swift */,
				2B942B252519FB670008952A /* CouponView.swift */,
				2B942B232519FB4B0008952A /* MyPageView.swift */,
				2B942B272519FB860008952A /* MemberIdView.swift */,
				2B942B292524CC040008952A /* NotificationView.swift */,
				2B942B2B2524CC220008952A /* ShopSearchView.swift */,
				2B942B2D252614A80008952A /* CouponTicketView.swift */,
			);
			path = Views;
			sourceTree = "<group>";
		};
		2B942B2F253C32740008952A /* jsons */ = {
			isa = PBXGroup;
			children = (
				2B942B32253C3E230008952A /* coupon.json */,
			);
			path = jsons;
			sourceTree = "<group>";
		};
/* End PBXGroup section */

/* Begin PBXNativeTarget section */
		2B942B062519F97C0008952A /* PracticeKFC */ = {
			isa = PBXNativeTarget;
			buildConfigurationList = 2B942B1B2519F9880008952A /* Build configuration list for PBXNativeTarget "PracticeKFC" */;
			buildPhases = (
				2B942B032519F97C0008952A /* Sources */,
				2B942B042519F97C0008952A /* Frameworks */,
				2B942B052519F97C0008952A /* Resources */,
			);
			buildRules = (
			);
			dependencies = (
			);
			name = PracticeKFC;
			productName = PracticeKFC;
			productReference = 2B942B072519F97C0008952A /* PracticeKFC.app */;
			productType = "com.apple.product-type.application";
		};
/* End PBXNativeTarget section */

/* Begin PBXProject section */
		2B942AFF2519F97C0008952A /* Project object */ = {
			isa = PBXProject;
			attributes = {
				LastSwiftUpdateCheck = 1160;
				LastUpgradeCheck = 1160;
				ORGANIZATIONNAME = "福田卓哉";
				TargetAttributes = {
					2B942B062519F97C0008952A = {
						CreatedOnToolsVersion = 11.6;
					};
				};
			};
			buildConfigurationList = 2B942B022519F97C0008952A /* Build configuration list for PBXProject "PracticeKFC" */;
			compatibilityVersion = "Xcode 9.3";
			developmentRegion = en;
			hasScannedForEncodings = 0;
			knownRegions = (
				en,
				Base,
			);
			mainGroup = 2B942AFE2519F97C0008952A;
			productRefGroup = 2B942B082519F97C0008952A /* Products */;
			projectDirPath = "";
			projectRoot = "";
			targets = (
				2B942B062519F97C0008952A /* PracticeKFC */,
			);
		};
/* End PBXProject section */

/* Begin PBXResourcesBuildPhase section */
		2B942B052519F97C0008952A /* Resources */ = {
			isa = PBXResourcesBuildPhase;
			buildActionMask = 2147483647;
			files = (
				2B942B172519F9880008952A /* LaunchScreen.storyboard in Resources */,
				2B942B142519F9880008952A /* Preview Assets.xcassets in Resources */,
				2B942B112519F9880008952A /* Assets.xcassets in Resources */,
				2B942B33253C3E230008952A /* coupon.json in Resources */,
			);
			runOnlyForDeploymentPostprocessing = 0;
		};
/* End PBXResourcesBuildPhase section */

/* Begin PBXSourcesBuildPhase section */
		2B942B032519F97C0008952A /* Sources */ = {
			isa = PBXSourcesBuildPhase;
			buildActionMask = 2147483647;
			files = (
				2B942B2C2524CC220008952A /* ShopSearchView.swift in Sources */,
				2B942B222519FB410008952A /* MenuView.swift in Sources */,
				2B942B0B2519F97C0008952A /* AppDelegate.swift in Sources */,
				2B942B0D2519F97C0008952A /* SceneDelegate.swift in Sources */,
				2B942B202519FB330008952A /* TopView.swift in Sources */,
				2B942B262519FB670008952A /* CouponView.swift in Sources */,
				2B942B2E252614A80008952A /* CouponTicketView.swift in Sources */,
				2B942B282519FB860008952A /* MemberIdView.swift in Sources */,
				2B942B0F2519F97C0008952A /* ContentView.swift in Sources */,
				2B942B242519FB4B0008952A /* MyPageView.swift in Sources */,
				2B942B2A2524CC040008952A /* NotificationView.swift in Sources */,
			);
			runOnlyForDeploymentPostprocessing = 0;
		};
/* End PBXSourcesBuildPhase section */

/* Begin PBXVariantGroup section */
		2B942B152519F9880008952A /* LaunchScreen.storyboard */ = {
			isa = PBXVariantGroup;
			children = (
				2B942B162519F9880008952A /* Base */,
			);
			name = LaunchScreen.storyboard;
			sourceTree = "<group>";
		};
/* End PBXVariantGroup section */

/* Begin XCBuildConfiguration section */
		2B942B192519F9880008952A /* Debug */ = {
			isa = XCBuildConfiguration;
			buildSettings = {
				ALWAYS_SEARCH_USER_PATHS = NO;
				CLANG_ANALYZER_NONNULL = YES;
				CLANG_ANALYZER_NUMBER_OBJECT_CONVERSION = YES_AGGRESSIVE;
				CLANG_CXX_LANGUAGE_STANDARD = "gnu++14";
				CLANG_CXX_LIBRARY = "libc++";
				CLANG_ENABLE_MODULES = YES;
				CLANG_ENABLE_OBJC_ARC = YES;
				CLANG_ENABLE_OBJC_WEAK = YES;
				CLANG_WARN_BLOCK_CAPTURE_AUTORELEASING = YES;
				CLANG_WARN_BOOL_CONVERSION = YES;
				CLANG_WARN_COMMA = YES;
				CLANG_WARN_CONSTANT_CONVERSION = YES;
				CLANG_WARN_DEPRECATED_OBJC_IMPLEMENTATIONS = YES;
				CLANG_WARN_DIRECT_OBJC_ISA_USAGE = YES_ERROR;
				CLANG_WARN_DOCUMENTATION_COMMENTS = YES;
				CLANG_WARN_EMPTY_BODY = YES;
				CLANG_WARN_ENUM_CONVERSION = YES;
				CLANG_WARN_INFINITE_RECURSION = YES;
				CLANG_WARN_INT_CONVERSION = YES;
				CLANG_WARN_NON_LITERAL_NULL_CONVERSION = YES;
				CLANG_WARN_OBJC_IMPLICIT_RETAIN_SELF = YES;
				CLANG_WARN_OBJC_LITERAL_CONVERSION = YES;
				CLANG_WARN_OBJC_ROOT_CLASS = YES_ERROR;
				CLANG_WARN_RANGE_LOOP_ANALYSIS = YES;
				CLANG_WARN_STRICT_PROTOTYPES = YES;
				CLANG_WARN_SUSPICIOUS_MOVE = YES;
				CLANG_WARN_UNGUARDED_AVAILABILITY = YES_AGGRESSIVE;
				CLANG_WARN_UNREACHABLE_CODE = YES;
				CLANG_WARN__DUPLICATE_METHOD_MATCH = YES;
				COPY_PHASE_STRIP = NO;
				DEBUG_INFORMATION_FORMAT = dwarf;
				ENABLE_STRICT_OBJC_MSGSEND = YES;
				ENABLE_TESTABILITY = YES;
				GCC_C_LANGUAGE_STANDARD = gnu11;
				GCC_DYNAMIC_NO_PIC = NO;
				GCC_NO_COMMON_BLOCKS = YES;
				GCC_OPTIMIZATION_LEVEL = 0;
				GCC_PREPROCESSOR_DEFINITIONS = (
					"DEBUG=1",
					"$(inherited)",
				);
				GCC_WARN_64_TO_32_BIT_CONVERSION = YES;
				GCC_WARN_ABOUT_RETURN_TYPE = YES_ERROR;
				GCC_WARN_UNDECLARED_SELECTOR = YES;
				GCC_WARN_UNINITIALIZED_AUTOS = YES_AGGRESSIVE;
				GCC_WARN_UNUSED_FUNCTION = YES;
				GCC_WARN_UNUSED_VARIABLE = YES;
				IPHONEOS_DEPLOYMENT_TARGET = 13.6;
				MTL_ENABLE_DEBUG_INFO = INCLUDE_SOURCE;
				MTL_FAST_MATH = YES;
				ONLY_ACTIVE_ARCH = YES;
				SDKROOT = iphoneos;
				SWIFT_ACTIVE_COMPILATION_CONDITIONS = DEBUG;
				SWIFT_OPTIMIZATION_LEVEL = "-Onone";
			};
			name = Debug;
		};
		2B942B1A2519F9880008952A /* Release */ = {
			isa = XCBuildConfiguration;
			buildSettings = {
				ALWAYS_SEARCH_USER_PATHS = NO;
				CLANG_ANALYZER_NONNULL = YES;
				CLANG_ANALYZER_NUMBER_OBJECT_CONVERSION = YES_AGGRESSIVE;
				CLANG_CXX_LANGUAGE_STANDARD = "gnu++14";
				CLANG_CXX_LIBRARY = "libc++";
				CLANG_ENABLE_MODULES = YES;
				CLANG_ENABLE_OBJC_ARC = YES;
				CLANG_ENABLE_OBJC_WEAK = YES;
				CLANG_WARN_BLOCK_CAPTURE_AUTORELEASING = YES;
				CLANG_WARN_BOOL_CONVERSION = YES;
				CLANG_WARN_COMMA = YES;
				CLANG_WARN_CONSTANT_CONVERSION = YES;
				CLANG_WARN_DEPRECATED_OBJC_IMPLEMENTATIONS = YES;
				CLANG_WARN_DIRECT_OBJC_ISA_USAGE = YES_ERROR;
				CLANG_WARN_DOCUMENTATION_COMMENTS = YES;
				CLANG_WARN_EMPTY_BODY = YES;
				CLANG_WARN_ENUM_CONVERSION = YES;
				CLANG_WARN_INFINITE_RECURSION = YES;
				CLANG_WARN_INT_CONVERSION = YES;
				CLANG_WARN_NON_LITERAL_NULL_CONVERSION = YES;
				CLANG_WARN_OBJC_IMPLICIT_RETAIN_SELF = YES;
				CLANG_WARN_OBJC_LITERAL_CONVERSION = YES;
				CLANG_WARN_OBJC_ROOT_CLASS = YES_ERROR;
				CLANG_WARN_RANGE_LOOP_ANALYSIS = YES;
				CLANG_WARN_STRICT_PROTOTYPES = YES;
				CLANG_WARN_SUSPICIOUS_MOVE = YES;
				CLANG_WARN_UNGUARDED_AVAILABILITY = YES_AGGRESSIVE;
				CLANG_WARN_UNREACHABLE_CODE = YES;
				CLANG_WARN__DUPLICATE_METHOD_MATCH = YES;
				COPY_PHASE_STRIP = NO;
				DEBUG_INFORMATION_FORMAT = "dwarf-with-dsym";
				ENABLE_NS_ASSERTIONS = NO;
				ENABLE_STRICT_OBJC_MSGSEND = YES;
				GCC_C_LANGUAGE_STANDARD = gnu11;
				GCC_NO_COMMON_BLOCKS = YES;
				GCC_WARN_64_TO_32_BIT_CONVERSION = YES;
				GCC_WARN_ABOUT_RETURN_TYPE = YES_ERROR;
				GCC_WARN_UNDECLARED_SELECTOR = YES;
				GCC_WARN_UNINITIALIZED_AUTOS = YES_AGGRESSIVE;
				GCC_WARN_UNUSED_FUNCTION = YES;
				GCC_WARN_UNUSED_VARIABLE = YES;
				IPHONEOS_DEPLOYMENT_TARGET = 13.6;
				MTL_ENABLE_DEBUG_INFO = NO;
				MTL_FAST_MATH = YES;
				SDKROOT = iphoneos;
				SWIFT_COMPILATION_MODE = wholemodule;
				SWIFT_OPTIMIZATION_LEVEL = "-O";
				VALIDATE_PRODUCT = YES;
			};
			name = Release;
		};
		2B942B1C2519F9880008952A /* Debug */ = {
			isa = XCBuildConfiguration;
			buildSettings = {
				ASSETCATALOG_COMPILER_APPICON_NAME = AppIcon;
				CODE_SIGN_STYLE = Automatic;
				DEVELOPMENT_ASSET_PATHS = "\"PracticeKFC/Preview Content\"";
				DEVELOPMENT_TEAM = 98434Q936K;
				ENABLE_PREVIEWS = YES;
				INFOPLIST_FILE = PracticeKFC/Info.plist;
				LD_RUNPATH_SEARCH_PATHS = (
					"$(inherited)",
					"@executable_path/Frameworks",
				);
				PRODUCT_BUNDLE_IDENTIFIER = takuya.PracticeKFC;
				PRODUCT_NAME = "$(TARGET_NAME)";
				SWIFT_VERSION = 5.0;
				TARGETED_DEVICE_FAMILY = "1,2";
			};
			name = Debug;
		};
		2B942B1D2519F9880008952A /* Release */ = {
			isa = XCBuildConfiguration;
			buildSettings = {
				ASSETCATALOG_COMPILER_APPICON_NAME = AppIcon;
				CODE_SIGN_STYLE = Automatic;
				DEVELOPMENT_ASSET_PATHS = "\"PracticeKFC/Preview Content\"";
				DEVELOPMENT_TEAM = 98434Q936K;
				ENABLE_PREVIEWS = YES;
				INFOPLIST_FILE = PracticeKFC/Info.plist;
				LD_RUNPATH_SEARCH_PATHS = (
					"$(inherited)",
					"@executable_path/Frameworks",
				);
				PRODUCT_BUNDLE_IDENTIFIER = takuya.PracticeKFC;
				PRODUCT_NAME = "$(TARGET_NAME)";
				SWIFT_VERSION = 5.0;
				TARGETED_DEVICE_FAMILY = "1,2";
			};
			name = Release;
		};
/* End XCBuildConfiguration section */

/* Begin XCConfigurationList section */
		2B942B022519F97C0008952A /* Build configuration list for PBXProject "PracticeKFC" */ = {
			isa = XCConfigurationList;
			buildConfigurations = (
				2B942B192519F9880008952A /* Debug */,
				2B942B1A2519F9880008952A /* Release */,
			);
			defaultConfigurationIsVisible = 0;
			defaultConfigurationName = Release;
		};
		2B942B1B2519F9880008952A /* Build configuration list for PBXNativeTarget "PracticeKFC" */ = {
			isa = XCConfigurationList;
			buildConfigurations = (
				2B942B1C2519F9880008952A /* Debug */,
				2B942B1D2519F9880008952A /* Release */,
			);
			defaultConfigurationIsVisible = 0;
			defaultConfigurationName = Release;
		};
/* End XCConfigurationList section */
	};
	rootObject = 2B942AFF2519F97C0008952A /* Project object */;
}
